schema: '2.0'
stages:
  data_ingestion:
    cmd: python3 src/cnnClassifier/pipeline/stage_01_data_ingestion.py
    deps:
    - path: config/config.yaml
      hash: md5
      md5: f4a3d86949d9716d4beb95f7a7f1388b
      size: 1006
    - path: src/cnnClassifier/pipeline/stage_01_data_ingestion.py
      hash: md5
      md5: 528dc89add6596413612e5092b51113f
      size: 865
    outs:
    - path: artifacts/data_ingestion/Chicken-fecal-images
      hash: md5
      md5: 9e1f8dd2eae3c29e9d635df89d438ae4.dir
      size: 12207807
      nfiles: 390
  prepare_base_model:
    cmd: python3 src/cnnClassifier/pipeline/state_02_prepare_base_model.py
    deps:
    - path: config/config.yaml
      hash: md5
      md5: f4a3d86949d9716d4beb95f7a7f1388b
      size: 1006
    - path: src/cnnClassifier/pipeline/state_02_prepare_base_model.py
      hash: md5
      md5: de21b25de47dca94cbd83061006ab29a
      size: 904
    params:
      params.yaml:
        CLASSES: 2
        IMAGE_SIZE:
        - 224
        - 224
        - 3
        INCLUDE_TOP: false
        LEARNING_RATE: 0.01
        WEIGHTS: imagenet
    outs:
    - path: artifacts/prepare_base_model
      hash: md5
      md5: cbd165d85648dccae7f9152976e4a855.dir
      size: 118073528
      nfiles: 2
  training:
    cmd: python3 src/cnnClassifier/pipeline/stage_03_training.py
    deps:
    - path: artifacts/data_ingestion/Chicken-fecal-images
      hash: md5
      md5: 9e1f8dd2eae3c29e9d635df89d438ae4.dir
      size: 12207807
      nfiles: 390
    - path: artifacts/prepare_base_model
      hash: md5
      md5: cbd165d85648dccae7f9152976e4a855.dir
      size: 118073528
      nfiles: 2
    - path: config/config.yaml
      hash: md5
      md5: f4a3d86949d9716d4beb95f7a7f1388b
      size: 1006
    - path: src/cnnClassifier/components/prepare_callbacks.py
      hash: md5
      md5: f607a50175b0d112a0ce484cba0974e0
      size: 1052
    - path: src/cnnClassifier/pipeline/stage_03_training.py
      hash: md5
      md5: 610b61883979171c0f325a2547ed7c07
      size: 1162
    params:
      params.yaml:
        AUGMENTATION: true
        BATCH_SIZE: 16
        EPOCHS: 1
        IMAGE_SIZE:
        - 224
        - 224
        - 3
    outs:
    - path: artifacts/training/model.h5
      hash: md5
      md5: 994dd8fdacf63a86856cbdc6f8317b96
      size: 59147464
  evaluation:
    cmd: python3 src/cnnClassifier/pipeline/state_04_evaluation.py
    deps:
    - path: artifacts/data_ingestion/Chicken-fecal-images
      hash: md5
      md5: 9e1f8dd2eae3c29e9d635df89d438ae4.dir
      size: 12207807
      nfiles: 390
    - path: artifacts/training/model.h5
      hash: md5
      md5: 994dd8fdacf63a86856cbdc6f8317b96
      size: 59147464
    - path: config/config.yaml
      hash: md5
      md5: f4a3d86949d9716d4beb95f7a7f1388b
      size: 1006
    - path: src/cnnClassifier/pipeline/state_04_evaluation.py
      hash: md5
      md5: f1e22f3e51ca6a2ca31e908557b7699f
      size: 775
    params:
      params.yaml:
        BATCH_SIZE: 16
        IMAGE_SIZE:
        - 224
        - 224
        - 3
    outs:
    - path: scores.json
      hash: md5
      md5: ed1a00546874d8366f6b18e97d09b148
      size: 55
